{
  "name": "@my/log",
  "version": "0.0.5",
  "lockfileVersion": 3,
  "requires": true,
  "packages": {
    "": {
      "name": "@my/log",
      "version": "0.0.5",
      "dependencies": {
        "lambda-log": "^3.1.0"
      },
      "devDependencies": {
        "@types/lambda-log": "^3.0.0"
      }
    },
    "node_modules/@types/lambda-log": {
      "version": "3.0.3",
      "resolved": "https://registry.npmjs.org/@types/lambda-log/-/lambda-log-3.0.3.tgz",
      "integrity": "sha512-QfIV6chAG1mMoeNkl6/FXqkpVyUJ80eZ2cv1vpxUZH8uTwrwD1i1GOCmzz9fqxFr5FAWYaQJdSaLSIEkJJdXvg==",
      "dev": true,
      "dependencies": {
        "@types/node": "*"
      }
    },
    "node_modules/@types/node": {
      "version": "20.11.28",
      "resolved": "https://registry.npmjs.org/@types/node/-/node-20.11.28.tgz",
      "integrity": "sha512-M/GPWVS2wLkSkNHVeLkrF2fD5Lx5UC4PxA0uZcKc6QqbIQUJyW1jVjueJYi1z8n0I5PxYrtpnPnWglE+y9A0KA==",
      "dev": true,
      "dependencies": {
        "undici-types": "~5.26.4"
      }
    },
    "node_modules/fast-safe-stringify": {
      "version": "2.1.1",
      "resolved": "https://registry.npmjs.org/fast-safe-stringify/-/fast-safe-stringify-2.1.1.tgz",
      "integrity": "sha512-W+KJc2dmILlPplD/H4K9l9LcAHAfPtP6BY84uVLXQ6Evcz9Lcg33Y2z1IVblT6xdY54PXYVHEv+0Wpq8Io6zkA=="
    },
    "node_modules/lambda-log": {
      "version": "3.1.0",
      "resolved": "https://registry.npmjs.org/lambda-log/-/lambda-log-3.1.0.tgz",
      "integrity": "sha512-dfkFw+e0CoFftuOjxkufhi1srIpa4dM3sbbe+0KtfjX11auNl7Kok+5/+07IffjXUuspKAFeiHlHUPAHJzcL3A==",
      "dependencies": {
        "fast-safe-stringify": "^2.1.1"
      },
      "engines": {
        "node": ">=10.0.0"
      }
    },
    "node_modules/undici-types": {
      "version": "5.26.5",
      "resolved": "https://registry.npmjs.org/undici-types/-/undici-types-5.26.5.tgz",
      "integrity": "sha512-JlCMO+ehdEIKqlFxk6IfVoAUVmgz7cU7zD/h9XZ0qzeosSHmUJVOzSQvvYSYWXkFXC+IfLKSIffhv0sVZup6pA==",
      "dev": true
    }
  }
}
